
Microsoft Visual Studio Solution File, Format Version 12.00
# Visual Studio Version 17
VisualStudioVersion = 17.2.32630.192
MinimumVisualStudioVersion = 10.0.40219.1
Project("{FAE04EC0-301F-11D3-BF4B-00C04F79EFBC}") = "ejercicio parte 5", "ejercicio parte 5\ejercicio parte 5.csproj", "{37218D66-4C66-48F6-BE6A-85DA0E5A3041}"
EndProject
Global
	GlobalSection(SolutionConfigurationPlatforms) = preSolution
		Debug|Any CPU = Debug|Any CPU
		Release|Any CPU = Release|Any CPU
	EndGlobalSection
	GlobalSection(ProjectConfigurationPlatforms) = postSolution
		{37218D66-4C66-48F6-BE6A-85DA0E5A3041}.Debug|Any CPU.ActiveCfg = Debug|Any CPU
		{37218D66-4C66-48F6-BE6A-85DA0E5A3041}.Debug|Any CPU.Build.0 = Debug|Any CPU
		{37218D66-4C66-48F6-BE6A-85DA0E5A3041}.Release|Any CPU.ActiveCfg = Release|Any CPU
		{37218D66-4C66-48F6-BE6A-85DA0E5A3041}.Release|Any CPU.Build.0 = Release|Any CPU
	EndGlobalSection
	GlobalSection(SolutionProperties) = preSolution
		HideSolutionNode = FALSE
	EndGlobalSection
	GlobalSection(ExtensibilityGlobals) = postSolution
		SolutionGuid = {6862E8F6-2169-450B-89C9-696326096A6C}
	EndGlobalSection
EndGlobal
